
Microsoft Visual Studio Solution File, Format Version 11.00
# Visual Studio 2010
Project("{2150E333-8FDC-42A3-9474-1A3956D46DE8}") = "Solution Items", "Solution Items", "{CF8E9359-9AE9-46E8-B52E-E99B12663AEE}"
	ProjectSection(SolutionItems) = preProject
		Build\NuGet\Lokad.Cloud.Framework\Lokad.Cloud.Framework.nuspec = Build\NuGet\Lokad.Cloud.Framework\Lokad.Cloud.Framework.nuspec
		Build\NuGet\Lokad.Cloud.Services.EntryPoint\Lokad.Cloud.Services.EntryPoint.nuspec = Build\NuGet\Lokad.Cloud.Services.EntryPoint\Lokad.Cloud.Services.EntryPoint.nuspec
		ReadMe.txt = ReadMe.txt
	EndProjectSection
EndProject
Project("{2150E333-8FDC-42A3-9474-1A3956D46DE8}") = "Test", "Test", "{A4EE85F0-A2E1-4516-8B4E-F4BA7DA67968}"
EndProject
Project("{2150E333-8FDC-42A3-9474-1A3956D46DE8}") = "Source", "Source", "{58865F1A-F33E-419A-ABF0-871911E20D4C}"
EndProject
Project("{2150E333-8FDC-42A3-9474-1A3956D46DE8}") = "Hosts", "Hosts", "{1C6763CC-FD47-4AB5-B326-D1B6ADF2B5CA}"
EndProject
Project("{FAE04EC0-301F-11D3-BF4B-00C04F79EFBC}") = "Lokad.Cloud.WorkerRole", "Source\Lokad.Cloud.WorkerRole\Lokad.Cloud.WorkerRole.csproj", "{78EC3B0C-6C2B-4919-A986-658A40A34825}"
EndProject
Project("{FAE04EC0-301F-11D3-BF4B-00C04F79EFBC}") = "Lokad.Cloud.Framework", "Source\Lokad.Cloud.Framework\Lokad.Cloud.Framework.csproj", "{BA84F8E7-F8B9-4912-BF93-9F4D0DDC5C29}"
EndProject
Project("{FAE04EC0-301F-11D3-BF4B-00C04F79EFBC}") = "Lokad.Cloud.Framework.Test", "Test\Lokad.Cloud.Framework.Test\Lokad.Cloud.Framework.Test.csproj", "{93D4C481-3265-42F3-BF63-C06106AE016F}"
EndProject
Project("{FAE04EC0-301F-11D3-BF4B-00C04F79EFBC}") = "Lokad.Cloud.Console.WebRole", "Source\Lokad.Cloud.Console.WebRole\Lokad.Cloud.Console.WebRole.csproj", "{DD2955A6-ABFD-4CBC-A878-2660511ADAC8}"
EndProject
Project("{CC5FD16D-436D-48AD-A40C-5A424C6E3E79}") = "Lokad.Cloud.DeployWorker", "Source\Lokad.Cloud.DeployWorker\Lokad.Cloud.DeployWorker.ccproj", "{180D35C8-6C98-48BB-BA79-E82E1C15AE7C}"
EndProject
Project("{CC5FD16D-436D-48AD-A40C-5A424C6E3E79}") = "Lokad.Cloud.DeployConsole", "Source\Lokad.Cloud.DeployConsole\Lokad.Cloud.DeployConsole.ccproj", "{C5F05B9C-3659-4B5E-82B3-076DB0A1994A}"
EndProject
Project("{FAE04EC0-301F-11D3-BF4B-00C04F79EFBC}") = "Lokad.Cloud.Management", "Source\Lokad.Cloud.Management\Lokad.Cloud.Management.csproj", "{CE66B408-AFC1-46A3-BFF5-4574F5EBFEC2}"
EndProject
Project("{FAE04EC0-301F-11D3-BF4B-00C04F79EFBC}") = "Lokad.Cloud.Framework.Autofac", "Source\Lokad.Cloud.Framework.Autofac\Lokad.Cloud.Framework.Autofac.csproj", "{406922F7-463F-48B9-B1E6-94824F98D25A}"
EndProject
Project("{FAE04EC0-301F-11D3-BF4B-00C04F79EFBC}") = "Lokad.Cloud.Services.EntryPoint", "Source\Lokad.Cloud.Services.EntryPoint\Lokad.Cloud.Services.EntryPoint.csproj", "{D286F227-43AB-483D-8198-C2EA959BA7AE}"
EndProject
Global
	GlobalSection(SolutionConfigurationPlatforms) = preSolution
		Debug|Any CPU = Debug|Any CPU
		Release|Any CPU = Release|Any CPU
		ReleaseApi|Any CPU = ReleaseApi|Any CPU
	EndGlobalSection
	GlobalSection(ProjectConfigurationPlatforms) = postSolution
		{78EC3B0C-6C2B-4919-A986-658A40A34825}.Debug|Any CPU.ActiveCfg = Debug|Any CPU
		{78EC3B0C-6C2B-4919-A986-658A40A34825}.Debug|Any CPU.Build.0 = Debug|Any CPU
		{78EC3B0C-6C2B-4919-A986-658A40A34825}.Release|Any CPU.ActiveCfg = Release|Any CPU
		{78EC3B0C-6C2B-4919-A986-658A40A34825}.Release|Any CPU.Build.0 = Release|Any CPU
		{78EC3B0C-6C2B-4919-A986-658A40A34825}.ReleaseApi|Any CPU.ActiveCfg = Release|Any CPU
		{BA84F8E7-F8B9-4912-BF93-9F4D0DDC5C29}.Debug|Any CPU.ActiveCfg = Debug|Any CPU
		{BA84F8E7-F8B9-4912-BF93-9F4D0DDC5C29}.Debug|Any CPU.Build.0 = Debug|Any CPU
		{BA84F8E7-F8B9-4912-BF93-9F4D0DDC5C29}.Release|Any CPU.ActiveCfg = Release|Any CPU
		{BA84F8E7-F8B9-4912-BF93-9F4D0DDC5C29}.Release|Any CPU.Build.0 = Release|Any CPU
		{BA84F8E7-F8B9-4912-BF93-9F4D0DDC5C29}.ReleaseApi|Any CPU.ActiveCfg = ReleaseApi|Any CPU
		{BA84F8E7-F8B9-4912-BF93-9F4D0DDC5C29}.ReleaseApi|Any CPU.Build.0 = ReleaseApi|Any CPU
		{93D4C481-3265-42F3-BF63-C06106AE016F}.Debug|Any CPU.ActiveCfg = Debug|Any CPU
		{93D4C481-3265-42F3-BF63-C06106AE016F}.Debug|Any CPU.Build.0 = Debug|Any CPU
		{93D4C481-3265-42F3-BF63-C06106AE016F}.Release|Any CPU.ActiveCfg = Release|Any CPU
		{93D4C481-3265-42F3-BF63-C06106AE016F}.Release|Any CPU.Build.0 = Release|Any CPU
		{93D4C481-3265-42F3-BF63-C06106AE016F}.ReleaseApi|Any CPU.ActiveCfg = Release|Any CPU
		{DD2955A6-ABFD-4CBC-A878-2660511ADAC8}.Debug|Any CPU.ActiveCfg = Debug|Any CPU
		{DD2955A6-ABFD-4CBC-A878-2660511ADAC8}.Debug|Any CPU.Build.0 = Debug|Any CPU
		{DD2955A6-ABFD-4CBC-A878-2660511ADAC8}.Release|Any CPU.ActiveCfg = Release|Any CPU
		{DD2955A6-ABFD-4CBC-A878-2660511ADAC8}.Release|Any CPU.Build.0 = Release|Any CPU
		{DD2955A6-ABFD-4CBC-A878-2660511ADAC8}.ReleaseApi|Any CPU.ActiveCfg = Release|Any CPU
		{DD2955A6-ABFD-4CBC-A878-2660511ADAC8}.ReleaseApi|Any CPU.Build.0 = Release|Any CPU
		{180D35C8-6C98-48BB-BA79-E82E1C15AE7C}.Debug|Any CPU.ActiveCfg = Debug|Any CPU
		{180D35C8-6C98-48BB-BA79-E82E1C15AE7C}.Debug|Any CPU.Build.0 = Debug|Any CPU
		{180D35C8-6C98-48BB-BA79-E82E1C15AE7C}.Release|Any CPU.ActiveCfg = Release|Any CPU
		{180D35C8-6C98-48BB-BA79-E82E1C15AE7C}.Release|Any CPU.Build.0 = Release|Any CPU
		{180D35C8-6C98-48BB-BA79-E82E1C15AE7C}.ReleaseApi|Any CPU.ActiveCfg = Release|Any CPU
		{180D35C8-6C98-48BB-BA79-E82E1C15AE7C}.ReleaseApi|Any CPU.Build.0 = Release|Any CPU
		{C5F05B9C-3659-4B5E-82B3-076DB0A1994A}.Debug|Any CPU.ActiveCfg = Debug|Any CPU
		{C5F05B9C-3659-4B5E-82B3-076DB0A1994A}.Debug|Any CPU.Build.0 = Debug|Any CPU
		{C5F05B9C-3659-4B5E-82B3-076DB0A1994A}.Release|Any CPU.ActiveCfg = Release|Any CPU
		{C5F05B9C-3659-4B5E-82B3-076DB0A1994A}.Release|Any CPU.Build.0 = Release|Any CPU
		{C5F05B9C-3659-4B5E-82B3-076DB0A1994A}.ReleaseApi|Any CPU.ActiveCfg = Release|Any CPU
		{C5F05B9C-3659-4B5E-82B3-076DB0A1994A}.ReleaseApi|Any CPU.Build.0 = Release|Any CPU
		{CE66B408-AFC1-46A3-BFF5-4574F5EBFEC2}.Debug|Any CPU.ActiveCfg = Debug|Any CPU
		{CE66B408-AFC1-46A3-BFF5-4574F5EBFEC2}.Debug|Any CPU.Build.0 = Debug|Any CPU
		{CE66B408-AFC1-46A3-BFF5-4574F5EBFEC2}.Release|Any CPU.ActiveCfg = Release|Any CPU
		{CE66B408-AFC1-46A3-BFF5-4574F5EBFEC2}.Release|Any CPU.Build.0 = Release|Any CPU
		{CE66B408-AFC1-46A3-BFF5-4574F5EBFEC2}.ReleaseApi|Any CPU.ActiveCfg = Release|Any CPU
		{CE66B408-AFC1-46A3-BFF5-4574F5EBFEC2}.ReleaseApi|Any CPU.Build.0 = Release|Any CPU
		{406922F7-463F-48B9-B1E6-94824F98D25A}.Debug|Any CPU.ActiveCfg = Debug|Any CPU
		{406922F7-463F-48B9-B1E6-94824F98D25A}.Debug|Any CPU.Build.0 = Debug|Any CPU
		{406922F7-463F-48B9-B1E6-94824F98D25A}.Release|Any CPU.ActiveCfg = Release|Any CPU
		{406922F7-463F-48B9-B1E6-94824F98D25A}.Release|Any CPU.Build.0 = Release|Any CPU
		{406922F7-463F-48B9-B1E6-94824F98D25A}.ReleaseApi|Any CPU.ActiveCfg = Release|Any CPU
		{406922F7-463F-48B9-B1E6-94824F98D25A}.ReleaseApi|Any CPU.Build.0 = Release|Any CPU
		{D286F227-43AB-483D-8198-C2EA959BA7AE}.Debug|Any CPU.ActiveCfg = Debug|Any CPU
		{D286F227-43AB-483D-8198-C2EA959BA7AE}.Debug|Any CPU.Build.0 = Debug|Any CPU
		{D286F227-43AB-483D-8198-C2EA959BA7AE}.Release|Any CPU.ActiveCfg = Release|Any CPU
		{D286F227-43AB-483D-8198-C2EA959BA7AE}.Release|Any CPU.Build.0 = Release|Any CPU
		{D286F227-43AB-483D-8198-C2EA959BA7AE}.ReleaseApi|Any CPU.ActiveCfg = Release|Any CPU
		{D286F227-43AB-483D-8198-C2EA959BA7AE}.ReleaseApi|Any CPU.Build.0 = Release|Any CPU
	EndGlobalSection
	GlobalSection(SolutionProperties) = preSolution
		HideSolutionNode = FALSE
	EndGlobalSection
	GlobalSection(NestedProjects) = preSolution
		{93D4C481-3265-42F3-BF63-C06106AE016F} = {A4EE85F0-A2E1-4516-8B4E-F4BA7DA67968}
		{BA84F8E7-F8B9-4912-BF93-9F4D0DDC5C29} = {58865F1A-F33E-419A-ABF0-871911E20D4C}
		{CE66B408-AFC1-46A3-BFF5-4574F5EBFEC2} = {58865F1A-F33E-419A-ABF0-871911E20D4C}
		{406922F7-463F-48B9-B1E6-94824F98D25A} = {58865F1A-F33E-419A-ABF0-871911E20D4C}
		{D286F227-43AB-483D-8198-C2EA959BA7AE} = {58865F1A-F33E-419A-ABF0-871911E20D4C}
		{78EC3B0C-6C2B-4919-A986-658A40A34825} = {1C6763CC-FD47-4AB5-B326-D1B6ADF2B5CA}
		{DD2955A6-ABFD-4CBC-A878-2660511ADAC8} = {1C6763CC-FD47-4AB5-B326-D1B6ADF2B5CA}
		{180D35C8-6C98-48BB-BA79-E82E1C15AE7C} = {1C6763CC-FD47-4AB5-B326-D1B6ADF2B5CA}
		{C5F05B9C-3659-4B5E-82B3-076DB0A1994A} = {1C6763CC-FD47-4AB5-B326-D1B6ADF2B5CA}
	EndGlobalSection
EndGlobal
